
Microsoft Visual Studio Solution File, Format Version 12.00
# Visual Studio Version 17
VisualStudioVersion = 17.10.34928.147
MinimumVisualStudioVersion = 10.0.40219.1
Project("{FAE04EC0-301F-11D3-BF4B-00C04F79EFBC}") = "DSA-Examples", "DSA-Examples.csproj", "{6F5D7125-E9B3-4D05-9A51-68BA9BD64BFA}"
EndProject
Global
	GlobalSection(SolutionConfigurationPlatforms) = preSolution
		Debug|Any CPU = Debug|Any CPU
		Release|Any CPU = Release|Any CPU
	EndGlobalSection
	GlobalSection(ProjectConfigurationPlatforms) = postSolution
		{6F5D7125-E9B3-4D05-9A51-68BA9BD64BFA}.Debug|Any CPU.ActiveCfg = Debug|Any CPU
		{6F5D7125-E9B3-4D05-9A51-68BA9BD64BFA}.Debug|Any CPU.Build.0 = Debug|Any CPU
		{6F5D7125-E9B3-4D05-9A51-68BA9BD64BFA}.Release|Any CPU.ActiveCfg = Release|Any CPU
		{6F5D7125-E9B3-4D05-9A51-68BA9BD64BFA}.Release|Any CPU.Build.0 = Release|Any CPU
	EndGlobalSection
	GlobalSection(SolutionProperties) = preSolution
		HideSolutionNode = FALSE
	EndGlobalSection
	GlobalSection(ExtensibilityGlobals) = postSolution
		SolutionGuid = {55BBB5EF-5CDF-4D2B-89AB-2A8D759BB340}
	EndGlobalSection
EndGlobal
